<Solution>
  <Project Path="NaughtyAttributes.Test.csproj" />
  <Project Path="TetraCreations.Attributes.Editor.csproj" />
  <Project Path="NaughtyAttributes.Core.csproj" />
  <Project Path="Unity.LevelPlay.Editor.csproj" />
  <Project Path="SimpleScrollSnap.csproj" />
  <Project Path="Unity.LevelPlay.csproj" />
  <Project Path="NaughtyAttributes.Editor.csproj" />
  <Project Path="Assembly-CSharp-Editor.csproj" />
  <Project Path="Unity.PlayerPrefsEditor.Editor.csproj" />
  <Project Path="Assembly-CSharp.csproj" />
  <Project Path="Assembly-CSharp-firstpass.csproj" />
  <Project Path="SimpleInspectorAttributesEditor.csproj" />
  <Project Path="UIEffect.csproj" />
  <Project Path="TetraCreations.Attributes.csproj" />
  <Project Path="CopyrightNoticeEditor.csproj" />
  <Project Path="SimpleInspectorAttributes.csproj" />
  <Project Path="SimpleScrollSnapEditor.csproj" />
  <Project Path="Utilities.csproj" />
  <Project Path="Unity.PlayerPrefsEditor.EditorResources.csproj" />
  <Project Path="UtilitiesEditor.csproj" />
  <Project Path="Unity.PlayerPrefsEditor.Samples.SampleScene.csproj" />
</Solution>
